
Microsoft Visual Studio Solution File, Format Version 12.00
# Visual Studio Version 17
VisualStudioVersion = 17.10.35122.118
MinimumVisualStudioVersion = 10.0.40219.1
Project("{FAE04EC0-301F-11D3-BF4B-00C04F79EFBC}") = "InventoryManagement", "InventoryManagement\InventoryManagement.csproj", "{6A925338-8C97-4B95-ADAE-5F3A95AFAA4C}"
EndProject
Global
	GlobalSection(SolutionConfigurationPlatforms) = preSolution
		Debug|Any CPU = Debug|Any CPU
		Release|Any CPU = Release|Any CPU
	EndGlobalSection
	GlobalSection(ProjectConfigurationPlatforms) = postSolution
		{6A925338-8C97-4B95-ADAE-5F3A95AFAA4C}.Debug|Any CPU.ActiveCfg = Debug|Any CPU
		{6A925338-8C97-4B95-ADAE-5F3A95AFAA4C}.Debug|Any CPU.Build.0 = Debug|Any CPU
		{6A925338-8C97-4B95-ADAE-5F3A95AFAA4C}.Release|Any CPU.ActiveCfg = Release|Any CPU
		{6A925338-8C97-4B95-ADAE-5F3A95AFAA4C}.Release|Any CPU.Build.0 = Release|Any CPU
	EndGlobalSection
	GlobalSection(SolutionProperties) = preSolution
		HideSolutionNode = FALSE
	EndGlobalSection
	GlobalSection(ExtensibilityGlobals) = postSolution
		SolutionGuid = {5F717BE8-DDF6-456A-9B61-373225DBF1D9}
	EndGlobalSection
EndGlobal
